// !$*UTF8*$!
{
	archiveVersion = 1;
	classes = {
	};
	objectVersion = 50;
	objects = {

/* Begin PBXBuildFile section */
		4C44415F26DC428B00035B7C /* SwiftUI_AppetizersApp.swift in Sources */ = {isa = PBXBuildFile; fileRef = 4C44415E26DC428B00035B7C /* SwiftUI_AppetizersApp.swift */; };
		4C44416126DC428B00035B7C /* AppetizerTabView.swift in Sources */ = {isa = PBXBuildFile; fileRef = 4C44416026DC428B00035B7C /* AppetizerTabView.swift */; };
		4C44416326DC428E00035B7C /* Assets.xcassets in Resources */ = {isa = PBXBuildFile; fileRef = 4C44416226DC428E00035B7C /* Assets.xcassets */; };
		4C44416626DC428E00035B7C /* Preview Assets.xcassets in Resources */ = {isa = PBXBuildFile; fileRef = 4C44416526DC428E00035B7C /* Preview Assets.xcassets */; };
		4C44416E26DC462700035B7C /* AppetizerListView.swift in Sources */ = {isa = PBXBuildFile; fileRef = 4C44416D26DC462700035B7C /* AppetizerListView.swift */; };
		4C44417026DC463100035B7C /* AccountView.swift in Sources */ = {isa = PBXBuildFile; fileRef = 4C44416F26DC463100035B7C /* AccountView.swift */; };
		4C44417226DC463C00035B7C /* OrderView.swift in Sources */ = {isa = PBXBuildFile; fileRef = 4C44417126DC463C00035B7C /* OrderView.swift */; };
		4C44417426DC762B00035B7C /* Appetizer.swift in Sources */ = {isa = PBXBuildFile; fileRef = 4C44417326DC762A00035B7C /* Appetizer.swift */; };
		4C44417626DC7C6C00035B7C /* AppetizerListCell.swift in Sources */ = {isa = PBXBuildFile; fileRef = 4C44417526DC7C6C00035B7C /* AppetizerListCell.swift */; };
		4C44417826DC7DEC00035B7C /* NetworkManager.swift in Sources */ = {isa = PBXBuildFile; fileRef = 4C44417726DC7DEC00035B7C /* NetworkManager.swift */; };
		4C44417A26DC7F3000035B7C /* APError.swift in Sources */ = {isa = PBXBuildFile; fileRef = 4C44417926DC7F3000035B7C /* APError.swift */; };
		4C44417C26DC863300035B7C /* AppetizerListViewModel.swift in Sources */ = {isa = PBXBuildFile; fileRef = 4C44417B26DC863300035B7C /* AppetizerListViewModel.swift */; };
		4C47E10F26F6E07200CABBFC /* Alert.swift in Sources */ = {isa = PBXBuildFile; fileRef = 4C47E10E26F6E07200CABBFC /* Alert.swift */; };
		4C47E11126F6E57B00CABBFC /* LoadingView.swift in Sources */ = {isa = PBXBuildFile; fileRef = 4C47E11026F6E57B00CABBFC /* LoadingView.swift */; };
		4C47E11326F6E65400CABBFC /* Color+Ext.swift in Sources */ = {isa = PBXBuildFile; fileRef = 4C47E11226F6E65400CABBFC /* Color+Ext.swift */; };
		4C47E11526F6EFF100CABBFC /* RemoteImage.swift in Sources */ = {isa = PBXBuildFile; fileRef = 4C47E11426F6EFF100CABBFC /* RemoteImage.swift */; };
		4C47E12526F8253900CABBFC /* AppetizerDetailView.swift in Sources */ = {isa = PBXBuildFile; fileRef = 4C47E12426F8253900CABBFC /* AppetizerDetailView.swift */; };
/* End PBXBuildFile section */

/* Begin PBXFileReference section */
		4C44415B26DC428B00035B7C /* SwiftUI Appetizers.app */ = {isa = PBXFileReference; explicitFileType = wrapper.application; includeInIndex = 0; path = "SwiftUI Appetizers.app"; sourceTree = BUILT_PRODUCTS_DIR; };
		4C44415E26DC428B00035B7C /* SwiftUI_AppetizersApp.swift */ = {isa = PBXFileReference; lastKnownFileType = sourcecode.swift; path = SwiftUI_AppetizersApp.swift; sourceTree = "<group>"; };
		4C44416026DC428B00035B7C /* AppetizerTabView.swift */ = {isa = PBXFileReference; lastKnownFileType = sourcecode.swift; path = AppetizerTabView.swift; sourceTree = "<group>"; };
		4C44416226DC428E00035B7C /* Assets.xcassets */ = {isa = PBXFileReference; lastKnownFileType = folder.assetcatalog; path = Assets.xcassets; sourceTree = "<group>"; };
		4C44416526DC428E00035B7C /* Preview Assets.xcassets */ = {isa = PBXFileReference; lastKnownFileType = folder.assetcatalog; path = "Preview Assets.xcassets"; sourceTree = "<group>"; };
		4C44416726DC428E00035B7C /* Info.plist */ = {isa = PBXFileReference; lastKnownFileType = text.plist.xml; path = Info.plist; sourceTree = "<group>"; };
		4C44416D26DC462700035B7C /* AppetizerListView.swift */ = {isa = PBXFileReference; lastKnownFileType = sourcecode.swift; path = AppetizerListView.swift; sourceTree = "<group>"; };
		4C44416F26DC463100035B7C /* AccountView.swift */ = {isa = PBXFileReference; lastKnownFileType = sourcecode.swift; path = AccountView.swift; sourceTree = "<group>"; };
		4C44417126DC463C00035B7C /* OrderView.swift */ = {isa = PBXFileReference; lastKnownFileType = sourcecode.swift; path = OrderView.swift; sourceTree = "<group>"; };
		4C44417326DC762A00035B7C /* Appetizer.swift */ = {isa = PBXFileReference; lastKnownFileType = sourcecode.swift; path = Appetizer.swift; sourceTree = "<group>"; };
		4C44417526DC7C6C00035B7C /* AppetizerListCell.swift */ = {isa = PBXFileReference; lastKnownFileType = sourcecode.swift; path = AppetizerListCell.swift; sourceTree = "<group>"; };
		4C44417726DC7DEC00035B7C /* NetworkManager.swift */ = {isa = PBXFileReference; lastKnownFileType = sourcecode.swift; path = NetworkManager.swift; sourceTree = "<group>"; };
		4C44417926DC7F3000035B7C /* APError.swift */ = {isa = PBXFileReference; lastKnownFileType = sourcecode.swift; path = APError.swift; sourceTree = "<group>"; };
		4C44417B26DC863300035B7C /* AppetizerListViewModel.swift */ = {isa = PBXFileReference; lastKnownFileType = sourcecode.swift; path = AppetizerListViewModel.swift; sourceTree = "<group>"; };
		4C47E10E26F6E07200CABBFC /* Alert.swift */ = {isa = PBXFileReference; lastKnownFileType = sourcecode.swift; path = Alert.swift; sourceTree = "<group>"; };
		4C47E11026F6E57B00CABBFC /* LoadingView.swift */ = {isa = PBXFileReference; lastKnownFileType = sourcecode.swift; path = LoadingView.swift; sourceTree = "<group>"; };
		4C47E11226F6E65400CABBFC /* Color+Ext.swift */ = {isa = PBXFileReference; lastKnownFileType = sourcecode.swift; path = "Color+Ext.swift"; sourceTree = "<group>"; };
		4C47E11426F6EFF100CABBFC /* RemoteImage.swift */ = {isa = PBXFileReference; lastKnownFileType = sourcecode.swift; path = RemoteImage.swift; sourceTree = "<group>"; };
		4C47E12426F8253900CABBFC /* AppetizerDetailView.swift */ = {isa = PBXFileReference; lastKnownFileType = sourcecode.swift; path = AppetizerDetailView.swift; sourceTree = "<group>"; };
/* End PBXFileReference section */

/* Begin PBXFrameworksBuildPhase section */
		4C44415826DC428B00035B7C /* Frameworks */ = {
			isa = PBXFrameworksBuildPhase;
			buildActionMask = 2147483647;
			files = (
			);
			runOnlyForDeploymentPostprocessing = 0;
		};
/* End PBXFrameworksBuildPhase section */

/* Begin PBXGroup section */
		4C44415226DC428B00035B7C = {
			isa = PBXGroup;
			children = (
				4C44415D26DC428B00035B7C /* SwiftUI Appetizers */,
				4C44415C26DC428B00035B7C /* Products */,
			);
			sourceTree = "<group>";
		};
		4C44415C26DC428B00035B7C /* Products */ = {
			isa = PBXGroup;
			children = (
				4C44415B26DC428B00035B7C /* SwiftUI Appetizers.app */,
			);
			name = Products;
			sourceTree = "<group>";
		};
		4C44415D26DC428B00035B7C /* SwiftUI Appetizers */ = {
			isa = PBXGroup;
			children = (
				4C47E11F26F6F3DD00CABBFC /* Views */,
				4C47E11E26F6F3BA00CABBFC /* Model */,
				4C47E11B26F6F37A00CABBFC /* Utilities */,
				4C47E11626F6F30F00CABBFC /* Screens */,
				4C44415E26DC428B00035B7C /* SwiftUI_AppetizersApp.swift */,
				4C44416226DC428E00035B7C /* Assets.xcassets */,
				4C44416726DC428E00035B7C /* Info.plist */,
				4C44416426DC428E00035B7C /* Preview Content */,
			);
			path = "SwiftUI Appetizers";
			sourceTree = "<group>";
		};
		4C44416426DC428E00035B7C /* Preview Content */ = {
			isa = PBXGroup;
			children = (
				4C44416526DC428E00035B7C /* Preview Assets.xcassets */,
			);
			path = "Preview Content";
			sourceTree = "<group>";
		};
		4C47E11626F6F30F00CABBFC /* Screens */ = {
			isa = PBXGroup;
			children = (
				4C44416026DC428B00035B7C /* AppetizerTabView.swift */,
				4C47E11726F6F31C00CABBFC /* AppetizerListView */,
				4C47E11A26F6F35100CABBFC /* AccountView */,
				4C47E11926F6F32E00CABBFC /* OrderView */,
			);
			path = Screens;
			sourceTree = "<group>";
		};
		4C47E11726F6F31C00CABBFC /* AppetizerListView */ = {
			isa = PBXGroup;
			children = (
				4C44416D26DC462700035B7C /* AppetizerListView.swift */,
				4C44417B26DC863300035B7C /* AppetizerListViewModel.swift */,
				4C47E11826F6F32600CABBFC /* AccountView */,
				4C47E12426F8253900CABBFC /* AppetizerDetailView.swift */,
			);
			path = AppetizerListView;
			sourceTree = "<group>";
		};
		4C47E11826F6F32600CABBFC /* AccountView */ = {
			isa = PBXGroup;
			children = (
			);
			path = AccountView;
			sourceTree = "<group>";
		};
		4C47E11926F6F32E00CABBFC /* OrderView */ = {
			isa = PBXGroup;
			children = (
				4C44417126DC463C00035B7C /* OrderView.swift */,
			);
			path = OrderView;
			sourceTree = "<group>";
		};
		4C47E11A26F6F35100CABBFC /* AccountView */ = {
			isa = PBXGroup;
			children = (
				4C44416F26DC463100035B7C /* AccountView.swift */,
			);
			path = AccountView;
			sourceTree = "<group>";
		};
		4C47E11B26F6F37A00CABBFC /* Utilities */ = {
			isa = PBXGroup;
			children = (
				4C47E12326F6F42900CABBFC /* Managers */,
				4C47E11D26F6F39900CABBFC /* Alerts */,
				4C47E11C26F6F38800CABBFC /* Extensions */,
			);
			path = Utilities;
			sourceTree = "<group>";
		};
		4C47E11C26F6F38800CABBFC /* Extensions */ = {
			isa = PBXGroup;
			children = (
				4C47E11226F6E65400CABBFC /* Color+Ext.swift */,
			);
			path = Extensions;
			sourceTree = "<group>";
		};
		4C47E11D26F6F39900CABBFC /* Alerts */ = {
			isa = PBXGroup;
			children = (
				4C47E10E26F6E07200CABBFC /* Alert.swift */,
				4C44417926DC7F3000035B7C /* APError.swift */,
			);
			path = Alerts;
			sourceTree = "<group>";
		};
		4C47E11E26F6F3BA00CABBFC /* Model */ = {
			isa = PBXGroup;
			children = (
				4C44417326DC762A00035B7C /* Appetizer.swift */,
			);
			path = Model;
			sourceTree = "<group>";
		};
		4C47E11F26F6F3DD00CABBFC /* Views */ = {
			isa = PBXGroup;
			children = (
				4C47E12226F6F3F100CABBFC /* Image */,
				4C47E12126F6F3EB00CABBFC /* Cells */,
				4C47E12026F6F3E300CABBFC /* UIKit Components */,
			);
			path = Views;
			sourceTree = "<group>";
		};
		4C47E12026F6F3E300CABBFC /* UIKit Components */ = {
			isa = PBXGroup;
			children = (
				4C47E11026F6E57B00CABBFC /* LoadingView.swift */,
			);
			path = "UIKit Components";
			sourceTree = "<group>";
		};
		4C47E12126F6F3EB00CABBFC /* Cells */ = {
			isa = PBXGroup;
			children = (
				4C44417526DC7C6C00035B7C /* AppetizerListCell.swift */,
			);
			path = Cells;
			sourceTree = "<group>";
		};
		4C47E12226F6F3F100CABBFC /* Image */ = {
			isa = PBXGroup;
			children = (
				4C47E11426F6EFF100CABBFC /* RemoteImage.swift */,
			);
			path = Image;
			sourceTree = "<group>";
		};
		4C47E12326F6F42900CABBFC /* Managers */ = {
			isa = PBXGroup;
			children = (
				4C44417726DC7DEC00035B7C /* NetworkManager.swift */,
			);
			path = Managers;
			sourceTree = "<group>";
		};
/* End PBXGroup section */

/* Begin PBXNativeTarget section */
		4C44415A26DC428B00035B7C /* SwiftUI Appetizers */ = {
			isa = PBXNativeTarget;
			buildConfigurationList = 4C44416A26DC428E00035B7C /* Build configuration list for PBXNativeTarget "SwiftUI Appetizers" */;
			buildPhases = (
				4C44415726DC428B00035B7C /* Sources */,
				4C44415826DC428B00035B7C /* Frameworks */,
				4C44415926DC428B00035B7C /* Resources */,
			);
			buildRules = (
			);
			dependencies = (
			);
			name = "SwiftUI Appetizers";
			productName = "SwiftUI Appetizers";
			productReference = 4C44415B26DC428B00035B7C /* SwiftUI Appetizers.app */;
			productType = "com.apple.product-type.application";
		};
/* End PBXNativeTarget section */

/* Begin PBXProject section */
		4C44415326DC428B00035B7C /* Project object */ = {
			isa = PBXProject;
			attributes = {
				LastSwiftUpdateCheck = 1250;
				LastUpgradeCheck = 1250;
				TargetAttributes = {
					4C44415A26DC428B00035B7C = {
						CreatedOnToolsVersion = 12.5.1;
					};
				};
			};
			buildConfigurationList = 4C44415626DC428B00035B7C /* Build configuration list for PBXProject "SwiftUI Appetizers" */;
			compatibilityVersion = "Xcode 9.3";
			developmentRegion = en;
			hasScannedForEncodings = 0;
			knownRegions = (
				en,
				Base,
			);
			mainGroup = 4C44415226DC428B00035B7C;
			productRefGroup = 4C44415C26DC428B00035B7C /* Products */;
			projectDirPath = "";
			projectRoot = "";
			targets = (
				4C44415A26DC428B00035B7C /* SwiftUI Appetizers */,
			);
		};
/* End PBXProject section */

/* Begin PBXResourcesBuildPhase section */
		4C44415926DC428B00035B7C /* Resources */ = {
			isa = PBXResourcesBuildPhase;
			buildActionMask = 2147483647;
			files = (
				4C44416626DC428E00035B7C /* Preview Assets.xcassets in Resources */,
				4C44416326DC428E00035B7C /* Assets.xcassets in Resources */,
			);
			runOnlyForDeploymentPostprocessing = 0;
		};
/* End PBXResourcesBuildPhase section */

/* Begin PBXSourcesBuildPhase section */
		4C44415726DC428B00035B7C /* Sources */ = {
			isa = PBXSourcesBuildPhase;
			buildActionMask = 2147483647;
			files = (
				4C44417426DC762B00035B7C /* Appetizer.swift in Sources */,
				4C44417A26DC7F3000035B7C /* APError.swift in Sources */,
				4C44417626DC7C6C00035B7C /* AppetizerListCell.swift in Sources */,
				4C44417C26DC863300035B7C /* AppetizerListViewModel.swift in Sources */,
				4C47E11326F6E65400CABBFC /* Color+Ext.swift in Sources */,
				4C44417026DC463100035B7C /* AccountView.swift in Sources */,
				4C47E11126F6E57B00CABBFC /* LoadingView.swift in Sources */,
				4C44416126DC428B00035B7C /* AppetizerTabView.swift in Sources */,
				4C44417826DC7DEC00035B7C /* NetworkManager.swift in Sources */,
				4C47E11526F6EFF100CABBFC /* RemoteImage.swift in Sources */,
				4C47E12526F8253900CABBFC /* AppetizerDetailView.swift in Sources */,
				4C44415F26DC428B00035B7C /* SwiftUI_AppetizersApp.swift in Sources */,
				4C47E10F26F6E07200CABBFC /* Alert.swift in Sources */,
				4C44416E26DC462700035B7C /* AppetizerListView.swift in Sources */,
				4C44417226DC463C00035B7C /* OrderView.swift in Sources */,
			);
			runOnlyForDeploymentPostprocessing = 0;
		};
/* End PBXSourcesBuildPhase section */

/* Begin XCBuildConfiguration section */
		4C44416826DC428E00035B7C /* Debug */ = {
			isa = XCBuildConfiguration;
			buildSettings = {
				ALWAYS_SEARCH_USER_PATHS = NO;
				CLANG_ANALYZER_NONNULL = YES;
				CLANG_ANALYZER_NUMBER_OBJECT_CONVERSION = YES_AGGRESSIVE;
				CLANG_CXX_LANGUAGE_STANDARD = "gnu++14";
				CLANG_CXX_LIBRARY = "libc++";
				CLANG_ENABLE_MODULES = YES;
				CLANG_ENABLE_OBJC_ARC = YES;
				CLANG_ENABLE_OBJC_WEAK = YES;
				CLANG_WARN_BLOCK_CAPTURE_AUTORELEASING = YES;
				CLANG_WARN_BOOL_CONVERSION = YES;
				CLANG_WARN_COMMA = YES;
				CLANG_WARN_CONSTANT_CONVERSION = YES;
				CLANG_WARN_DEPRECATED_OBJC_IMPLEMENTATIONS = YES;
				CLANG_WARN_DIRECT_OBJC_ISA_USAGE = YES_ERROR;
				CLANG_WARN_DOCUMENTATION_COMMENTS = YES;
				CLANG_WARN_EMPTY_BODY = YES;
				CLANG_WARN_ENUM_CONVERSION = YES;
				CLANG_WARN_INFINITE_RECURSION = YES;
				CLANG_WARN_INT_CONVERSION = YES;
				CLANG_WARN_NON_LITERAL_NULL_CONVERSION = YES;
				CLANG_WARN_OBJC_IMPLICIT_RETAIN_SELF = YES;
				CLANG_WARN_OBJC_LITERAL_CONVERSION = YES;
				CLANG_WARN_OBJC_ROOT_CLASS = YES_ERROR;
				CLANG_WARN_QUOTED_INCLUDE_IN_FRAMEWORK_HEADER = YES;
				CLANG_WARN_RANGE_LOOP_ANALYSIS = YES;
				CLANG_WARN_STRICT_PROTOTYPES = YES;
				CLANG_WARN_SUSPICIOUS_MOVE = YES;
				CLANG_WARN_UNGUARDED_AVAILABILITY = YES_AGGRESSIVE;
				CLANG_WARN_UNREACHABLE_CODE = YES;
				CLANG_WARN__DUPLICATE_METHOD_MATCH = YES;
				COPY_PHASE_STRIP = NO;
				DEBUG_INFORMATION_FORMAT = dwarf;
				ENABLE_STRICT_OBJC_MSGSEND = YES;
				ENABLE_TESTABILITY = YES;
				GCC_C_LANGUAGE_STANDARD = gnu11;
				GCC_DYNAMIC_NO_PIC = NO;
				GCC_NO_COMMON_BLOCKS = YES;
				GCC_OPTIMIZATION_LEVEL = 0;
				GCC_PREPROCESSOR_DEFINITIONS = (
					"DEBUG=1",
					"$(inherited)",
				);
				GCC_WARN_64_TO_32_BIT_CONVERSION = YES;
				GCC_WARN_ABOUT_RETURN_TYPE = YES_ERROR;
				GCC_WARN_UNDECLARED_SELECTOR = YES;
				GCC_WARN_UNINITIALIZED_AUTOS = YES_AGGRESSIVE;
				GCC_WARN_UNUSED_FUNCTION = YES;
				GCC_WARN_UNUSED_VARIABLE = YES;
				IPHONEOS_DEPLOYMENT_TARGET = 14.5;
				MTL_ENABLE_DEBUG_INFO = INCLUDE_SOURCE;
				MTL_FAST_MATH = YES;
				ONLY_ACTIVE_ARCH = YES;
				SDKROOT = iphoneos;
				SWIFT_ACTIVE_COMPILATION_CONDITIONS = DEBUG;
				SWIFT_OPTIMIZATION_LEVEL = "-Onone";
			};
			name = Debug;
		};
		4C44416926DC428E00035B7C /* Release */ = {
			isa = XCBuildConfiguration;
			buildSettings = {
				ALWAYS_SEARCH_USER_PATHS = NO;
				CLANG_ANALYZER_NONNULL = YES;
				CLANG_ANALYZER_NUMBER_OBJECT_CONVERSION = YES_AGGRESSIVE;
				CLANG_CXX_LANGUAGE_STANDARD = "gnu++14";
				CLANG_CXX_LIBRARY = "libc++";
				CLANG_ENABLE_MODULES = YES;
				CLANG_ENABLE_OBJC_ARC = YES;
				CLANG_ENABLE_OBJC_WEAK = YES;
				CLANG_WARN_BLOCK_CAPTURE_AUTORELEASING = YES;
				CLANG_WARN_BOOL_CONVERSION = YES;
				CLANG_WARN_COMMA = YES;
				CLANG_WARN_CONSTANT_CONVERSION = YES;
				CLANG_WARN_DEPRECATED_OBJC_IMPLEMENTATIONS = YES;
				CLANG_WARN_DIRECT_OBJC_ISA_USAGE = YES_ERROR;
				CLANG_WARN_DOCUMENTATION_COMMENTS = YES;
				CLANG_WARN_EMPTY_BODY = YES;
				CLANG_WARN_ENUM_CONVERSION = YES;
				CLANG_WARN_INFINITE_RECURSION = YES;
				CLANG_WARN_INT_CONVERSION = YES;
				CLANG_WARN_NON_LITERAL_NULL_CONVERSION = YES;
				CLANG_WARN_OBJC_IMPLICIT_RETAIN_SELF = YES;
				CLANG_WARN_OBJC_LITERAL_CONVERSION = YES;
				CLANG_WARN_OBJC_ROOT_CLASS = YES_ERROR;
				CLANG_WARN_QUOTED_INCLUDE_IN_FRAMEWORK_HEADER = YES;
				CLANG_WARN_RANGE_LOOP_ANALYSIS = YES;
				CLANG_WARN_STRICT_PROTOTYPES = YES;
				CLANG_WARN_SUSPICIOUS_MOVE = YES;
				CLANG_WARN_UNGUARDED_AVAILABILITY = YES_AGGRESSIVE;
				CLANG_WARN_UNREACHABLE_CODE = YES;
				CLANG_WARN__DUPLICATE_METHOD_MATCH = YES;
				COPY_PHASE_STRIP = NO;
				DEBUG_INFORMATION_FORMAT = "dwarf-with-dsym";
				ENABLE_NS_ASSERTIONS = NO;
				ENABLE_STRICT_OBJC_MSGSEND = YES;
				GCC_C_LANGUAGE_STANDARD = gnu11;
				GCC_NO_COMMON_BLOCKS = YES;
				GCC_WARN_64_TO_32_BIT_CONVERSION = YES;
				GCC_WARN_ABOUT_RETURN_TYPE = YES_ERROR;
				GCC_WARN_UNDECLARED_SELECTOR = YES;
				GCC_WARN_UNINITIALIZED_AUTOS = YES_AGGRESSIVE;
				GCC_WARN_UNUSED_FUNCTION = YES;
				GCC_WARN_UNUSED_VARIABLE = YES;
				IPHONEOS_DEPLOYMENT_TARGET = 14.5;
				MTL_ENABLE_DEBUG_INFO = NO;
				MTL_FAST_MATH = YES;
				SDKROOT = iphoneos;
				SWIFT_COMPILATION_MODE = wholemodule;
				SWIFT_OPTIMIZATION_LEVEL = "-O";
				VALIDATE_PRODUCT = YES;
			};
			name = Release;
		};
		4C44416B26DC428E00035B7C /* Debug */ = {
			isa = XCBuildConfiguration;
			buildSettings = {
				ASSETCATALOG_COMPILER_APPICON_NAME = AppIcon;
				ASSETCATALOG_COMPILER_GLOBAL_ACCENT_COLOR_NAME = AccentColor;
				CODE_SIGN_IDENTITY = "iPhone Developer";
				CODE_SIGN_STYLE = Manual;
				DEVELOPMENT_ASSET_PATHS = "\"SwiftUI Appetizers/Preview Content\"";
				DEVELOPMENT_TEAM = Y58Z2JJ8PD;
				ENABLE_PREVIEWS = YES;
				INFOPLIST_FILE = "SwiftUI Appetizers/Info.plist";
				IPHONEOS_DEPLOYMENT_TARGET = 14.0;
				LD_RUNPATH_SEARCH_PATHS = (
					"$(inherited)",
					"@executable_path/Frameworks",
				);
				PRODUCT_BUNDLE_IDENTIFIER = "com.parkingpal.SwiftUI-Appetizers";
				PRODUCT_NAME = "$(TARGET_NAME)";
				PROVISIONING_PROFILE_SPECIFIER = "SwiftUI Appetizers Provisioning Profile";
				SWIFT_VERSION = 5.0;
				TARGETED_DEVICE_FAMILY = "1,2";
			};
			name = Debug;
		};
		4C44416C26DC428E00035B7C /* Release */ = {
			isa = XCBuildConfiguration;
			buildSettings = {
				ASSETCATALOG_COMPILER_APPICON_NAME = AppIcon;
				ASSETCATALOG_COMPILER_GLOBAL_ACCENT_COLOR_NAME = AccentColor;
				CODE_SIGN_IDENTITY = "iPhone Developer";
				CODE_SIGN_STYLE = Manual;
				DEVELOPMENT_ASSET_PATHS = "\"SwiftUI Appetizers/Preview Content\"";
				DEVELOPMENT_TEAM = Y58Z2JJ8PD;
				ENABLE_PREVIEWS = YES;
				INFOPLIST_FILE = "SwiftUI Appetizers/Info.plist";
				IPHONEOS_DEPLOYMENT_TARGET = 14.0;
				LD_RUNPATH_SEARCH_PATHS = (
					"$(inherited)",
					"@executable_path/Frameworks",
				);
				PRODUCT_BUNDLE_IDENTIFIER = "com.parkingpal.SwiftUI-Appetizers";
				PRODUCT_NAME = "$(TARGET_NAME)";
				PROVISIONING_PROFILE_SPECIFIER = "SwiftUI Appetizers Provisioning Profile";
				SWIFT_VERSION = 5.0;
				TARGETED_DEVICE_FAMILY = "1,2";
			};
			name = Release;
		};
/* End XCBuildConfiguration section */

/* Begin XCConfigurationList section */
		4C44415626DC428B00035B7C /* Build configuration list for PBXProject "SwiftUI Appetizers" */ = {
			isa = XCConfigurationList;
			buildConfigurations = (
				4C44416826DC428E00035B7C /* Debug */,
				4C44416926DC428E00035B7C /* Release */,
			);
			defaultConfigurationIsVisible = 0;
			defaultConfigurationName = Release;
		};
		4C44416A26DC428E00035B7C /* Build configuration list for PBXNativeTarget "SwiftUI Appetizers" */ = {
			isa = XCConfigurationList;
			buildConfigurations = (
				4C44416B26DC428E00035B7C /* Debug */,
				4C44416C26DC428E00035B7C /* Release */,
			);
			defaultConfigurationIsVisible = 0;
			defaultConfigurationName = Release;
		};
/* End XCConfigurationList section */
	};
	rootObject = 4C44415326DC428B00035B7C /* Project object */;
}
